
Microsoft Visual Studio Solution File, Format Version 12.00
# Visual Studio Version 16
VisualStudioVersion = 16.0.29905.134
MinimumVisualStudioVersion = 10.0.40219.1
Project("{9A19103F-16F7-4668-BE54-9A1E7A4F7556}") = "DataExporter", "DataExporter\DataExporter.csproj", "{2A58D5C3-F526-49C7-BC45-15C8BF12EE39}"
EndProject
Project("{2150E333-8FDC-42A3-9474-1A3956D46DE8}") = "Github", "Github", "{5A70BE7A-EEE5-47B1-9C2F-C766D7955601}"
	ProjectSection(SolutionItems) = preProject
		.gitignore = .gitignore
		LICENSE = LICENSE
		README.md = README.md
	EndProjectSection
EndProject
Project("{9A19103F-16F7-4668-BE54-9A1E7A4F7556}") = "Mogmog.Server", "Mogmog.Server\Mogmog.Server.csproj", "{619B5033-0926-4C5E-B99B-19F5F62F822E}"
EndProject
Project("{9A19103F-16F7-4668-BE54-9A1E7A4F7556}") = "Mogmog.FFXIV", "Mogmog.FFXIV\Mogmog.FFXIV.csproj", "{53285B14-6FC4-4DBF-93FB-F6DA994D06FB}"
EndProject
Project("{9A19103F-16F7-4668-BE54-9A1E7A4F7556}") = "Mogmog", "Mogmog\Mogmog.csproj", "{A5A50C5A-0AA1-4CF9-B429-069936924B9A}"
EndProject
Project("{9A19103F-16F7-4668-BE54-9A1E7A4F7556}") = "Mogmog.Discord", "Mogmog.Discord\Mogmog.Discord.csproj", "{8091D524-699F-4596-A282-A04324A0924C}"
EndProject
Project("{2150E333-8FDC-42A3-9474-1A3956D46DE8}") = "Solution Items", "Solution Items", "{0A0BE81D-2527-4127-B588-B4300DA7F385}"
	ProjectSection(SolutionItems) = preProject
		.editorconfig = .editorconfig
	EndProjectSection
EndProject
Project("{FAE04EC0-301F-11D3-BF4B-00C04F79EFBC}") = "Mogmog.FFXIV.UpgradeLayer", "Mogmog.FFXIV.UpgradeLayer\Mogmog.FFXIV.UpgradeLayer.csproj", "{6CB44BF0-504C-4B96-87D9-EF8D7FC0E9C5}"
EndProject
Global
	GlobalSection(SolutionConfigurationPlatforms) = preSolution
		Debug|Any CPU = Debug|Any CPU
		Release|Any CPU = Release|Any CPU
	EndGlobalSection
	GlobalSection(ProjectConfigurationPlatforms) = postSolution
		{2A58D5C3-F526-49C7-BC45-15C8BF12EE39}.Debug|Any CPU.ActiveCfg = Debug|Any CPU
		{2A58D5C3-F526-49C7-BC45-15C8BF12EE39}.Debug|Any CPU.Build.0 = Debug|Any CPU
		{2A58D5C3-F526-49C7-BC45-15C8BF12EE39}.Release|Any CPU.ActiveCfg = Release|Any CPU
		{2A58D5C3-F526-49C7-BC45-15C8BF12EE39}.Release|Any CPU.Build.0 = Release|Any CPU
		{619B5033-0926-4C5E-B99B-19F5F62F822E}.Debug|Any CPU.ActiveCfg = Debug|Any CPU
		{619B5033-0926-4C5E-B99B-19F5F62F822E}.Debug|Any CPU.Build.0 = Debug|Any CPU
		{619B5033-0926-4C5E-B99B-19F5F62F822E}.Release|Any CPU.ActiveCfg = Release|Any CPU
		{619B5033-0926-4C5E-B99B-19F5F62F822E}.Release|Any CPU.Build.0 = Release|Any CPU
		{53285B14-6FC4-4DBF-93FB-F6DA994D06FB}.Debug|Any CPU.ActiveCfg = Debug|Any CPU
		{53285B14-6FC4-4DBF-93FB-F6DA994D06FB}.Debug|Any CPU.Build.0 = Debug|Any CPU
		{53285B14-6FC4-4DBF-93FB-F6DA994D06FB}.Release|Any CPU.ActiveCfg = Release|Any CPU
		{53285B14-6FC4-4DBF-93FB-F6DA994D06FB}.Release|Any CPU.Build.0 = Release|Any CPU
		{A5A50C5A-0AA1-4CF9-B429-069936924B9A}.Debug|Any CPU.ActiveCfg = Debug|Any CPU
		{A5A50C5A-0AA1-4CF9-B429-069936924B9A}.Debug|Any CPU.Build.0 = Debug|Any CPU
		{A5A50C5A-0AA1-4CF9-B429-069936924B9A}.Release|Any CPU.ActiveCfg = Release|Any CPU
		{A5A50C5A-0AA1-4CF9-B429-069936924B9A}.Release|Any CPU.Build.0 = Release|Any CPU
		{8091D524-699F-4596-A282-A04324A0924C}.Debug|Any CPU.ActiveCfg = Debug|Any CPU
		{8091D524-699F-4596-A282-A04324A0924C}.Debug|Any CPU.Build.0 = Debug|Any CPU
		{8091D524-699F-4596-A282-A04324A0924C}.Release|Any CPU.ActiveCfg = Release|Any CPU
		{8091D524-699F-4596-A282-A04324A0924C}.Release|Any CPU.Build.0 = Release|Any CPU
		{6CB44BF0-504C-4B96-87D9-EF8D7FC0E9C5}.Debug|Any CPU.ActiveCfg = Debug|Any CPU
		{6CB44BF0-504C-4B96-87D9-EF8D7FC0E9C5}.Debug|Any CPU.Build.0 = Debug|Any CPU
		{6CB44BF0-504C-4B96-87D9-EF8D7FC0E9C5}.Release|Any CPU.ActiveCfg = Release|Any CPU
		{6CB44BF0-504C-4B96-87D9-EF8D7FC0E9C5}.Release|Any CPU.Build.0 = Release|Any CPU
	EndGlobalSection
	GlobalSection(SolutionProperties) = preSolution
		HideSolutionNode = FALSE
	EndGlobalSection
	GlobalSection(ExtensibilityGlobals) = postSolution
		SolutionGuid = {CE191DBE-5F2F-422E-BA6B-64AABD3F1E31}
	EndGlobalSection
EndGlobal
