
Microsoft Visual Studio Solution File, Format Version 12.00
# Visual Studio Version 16
VisualStudioVersion = 16.0.29905.134
MinimumVisualStudioVersion = 10.0.40219.1
Project("{FAE04EC0-301F-11D3-BF4B-00C04F79EFBC}") = "Mogmog", "Mogmog.csproj", "{93B507E0-E32E-4875-964E-D9370B3029EA}"
EndProject
Global
	GlobalSection(SolutionConfigurationPlatforms) = preSolution
		Debug|Any CPU = Debug|Any CPU
		Release|Any CPU = Release|Any CPU
	EndGlobalSection
	GlobalSection(ProjectConfigurationPlatforms) = postSolution
		{93B507E0-E32E-4875-964E-D9370B3029EA}.Debug|Any CPU.ActiveCfg = Debug|Any CPU
		{93B507E0-E32E-4875-964E-D9370B3029EA}.Debug|Any CPU.Build.0 = Debug|Any CPU
		{93B507E0-E32E-4875-964E-D9370B3029EA}.Release|Any CPU.ActiveCfg = Release|Any CPU
		{93B507E0-E32E-4875-964E-D9370B3029EA}.Release|Any CPU.Build.0 = Release|Any CPU
	EndGlobalSection
	GlobalSection(SolutionProperties) = preSolution
		HideSolutionNode = FALSE
	EndGlobalSection
	GlobalSection(ExtensibilityGlobals) = postSolution
		SolutionGuid = {2CE8A1D1-4857-437B-BCE1-ED7B17A2E241}
	EndGlobalSection
EndGlobal
